{
  "name": "dominik",
  "version": "1.0.0",
  "lockfileVersion": 1,
  "requires": true,
  "dependencies": {
    "assertthat": {
      "version": "1.0.0",
      "resolved": "https://registry.npmjs.org/assertthat/-/assertthat-1.0.0.tgz",
      "integrity": "sha512-avpAyvLGVWTTkJ7RzJ7f7RNzzzJPWAagR654t4JXmeomB7Q4bQGOsNCBaaMO4XPH7zrrWZRnELey3s3iUpfnMg==",
      "requires": {
        "comparejs": "1.0.0",
        "harmony-reflect": "1.5.1",
        "regenerator-runtime": "0.11.1",
        "stringify-object": "3.2.2"
      }
    },
    "comparejs": {
      "version": "1.0.0",
      "resolved": "https://registry.npmjs.org/comparejs/-/comparejs-1.0.0.tgz",
      "integrity": "sha512-Ue/Zd9aOucHzHXwaCe4yeHR7jypp7TKrIBZ5yls35nPNiVXlW14npmNVKM1ZaLlQTKZ6/4ewA//gYKHHIwCpOw=="
    },
    "get-own-enumerable-property-symbols": {
      "version": "2.0.1",
      "resolved": "https://registry.npmjs.org/get-own-enumerable-property-symbols/-/get-own-enumerable-property-symbols-2.0.1.tgz",
      "integrity": "sha512-TtY/sbOemiMKPRUDDanGCSgBYe7Mf0vbRsWnBZ+9yghpZ1MvcpSpuZFjHdEeY/LZjZy0vdLjS77L6HosisFiug=="
    },
    "harmony-reflect": {
      "version": "1.5.1",
      "resolved": "https://registry.npmjs.org/harmony-reflect/-/harmony-reflect-1.5.1.tgz",
      "integrity": "sha1-tUymF7AMyK71Wbuxez2FQx3H4yk="
    },
    "is-obj": {
      "version": "1.0.1",
      "resolved": "https://registry.npmjs.org/is-obj/-/is-obj-1.0.1.tgz",
      "integrity": "sha1-PkcprB9f3gJc19g6iW2rn09n2w8="
    },
    "is-regexp": {
      "version": "1.0.0",
      "resolved": "https://registry.npmjs.org/is-regexp/-/is-regexp-1.0.0.tgz",
      "integrity": "sha1-/S2INUXEa6xaYz57mgnof6LLUGk="
    },
    "lodash": {
      "version": "4.17.10",
      "resolved": "https://registry.npmjs.org/lodash/-/lodash-4.17.10.tgz",
      "integrity": "sha512-UejweD1pDoXu+AD825lWwp4ZGtSwgnpZxb3JDViD7StjQz+Nb/6l093lx4OQ0foGWNRoc19mWy7BzL+UAK2iVg=="
    },
    "regenerator-runtime": {
      "version": "0.11.1",
      "resolved": "https://registry.npmjs.org/regenerator-runtime/-/regenerator-runtime-0.11.1.tgz",
      "integrity": "sha512-MguG95oij0fC3QV3URf4V2SDYGJhJnJGqvIIgdECeODCT98wSWDAJ94SSuVpYQUoTcGUIL6L4yNB7j1DFFHSBg=="
    },
    "stringify-object": {
      "version": "3.2.2",
      "resolved": "https://registry.npmjs.org/stringify-object/-/stringify-object-3.2.2.tgz",
      "integrity": "sha512-O696NF21oLiDy8PhpWu8AEqoZHw++QW6mUv0UvKZe8gWSdSvMXkiLufK7OmnP27Dro4GU5kb9U7JIO0mBuCRQg==",
      "requires": {
        "get-own-enumerable-property-symbols": "^2.0.1",
        "is-obj": "^1.0.1",
        "is-regexp": "^1.0.0"
      }
    }
  }
}
